// !$*UTF8*$!
{
	archiveVersion = 1;
	classes = {
	};
	objectVersion = 50;
	objects = {

/* Begin PBXBuildFile section */
		75583092239BCEFB00E73DB7 /* AppDelegate.m in Sources */ = {isa = PBXBuildFile; fileRef = 75583091239BCEFB00E73DB7 /* AppDelegate.m */; };
		75583095239BCEFB00E73DB7 /* SceneDelegate.m in Sources */ = {isa = PBXBuildFile; fileRef = 75583094239BCEFB00E73DB7 /* SceneDelegate.m */; };
		75583098239BCEFB00E73DB7 /* ViewController.m in Sources */ = {isa = PBXBuildFile; fileRef = 75583097239BCEFB00E73DB7 /* ViewController.m */; };
		7558309B239BCEFB00E73DB7 /* Main.storyboard in Resources */ = {isa = PBXBuildFile; fileRef = 75583099239BCEFB00E73DB7 /* Main.storyboard */; };
		7558309D239BCEFD00E73DB7 /* Assets.xcassets in Resources */ = {isa = PBXBuildFile; fileRef = 7558309C239BCEFD00E73DB7 /* Assets.xcassets */; };
		755830A0239BCEFD00E73DB7 /* LaunchScreen.storyboard in Resources */ = {isa = PBXBuildFile; fileRef = 7558309E239BCEFD00E73DB7 /* LaunchScreen.storyboard */; };
		755830A3239BCEFD00E73DB7 /* main.m in Sources */ = {isa = PBXBuildFile; fileRef = 755830A2239BCEFD00E73DB7 /* main.m */; };
		755830AA239BCFC600E73DB7 /* status.plist in Resources */ = {isa = PBXBuildFile; fileRef = 755830A9239BCFC600E73DB7 /* status.plist */; };
		755830AD239BD4B300E73DB7 /* NSObject+Property.m in Sources */ = {isa = PBXBuildFile; fileRef = 755830AC239BD4B300E73DB7 /* NSObject+Property.m */; };
		755830B0239BD64800E73DB7 /* StatusItem.m in Sources */ = {isa = PBXBuildFile; fileRef = 755830AE239BD64800E73DB7 /* StatusItem.m */; };
		755830B6239BDDCB00E73DB7 /* User.m in Sources */ = {isa = PBXBuildFile; fileRef = 755830B5239BDDCB00E73DB7 /* User.m */; };
/* End PBXBuildFile section */

/* Begin PBXFileReference section */
		7558308D239BCEFB00E73DB7 /* runtime字典转模型.app */ = {isa = PBXFileReference; explicitFileType = wrapper.application; includeInIndex = 0; path = "runtime字典转模型.app"; sourceTree = BUILT_PRODUCTS_DIR; };
		75583090239BCEFB00E73DB7 /* AppDelegate.h */ = {isa = PBXFileReference; lastKnownFileType = sourcecode.c.h; path = AppDelegate.h; sourceTree = "<group>"; };
		75583091239BCEFB00E73DB7 /* AppDelegate.m */ = {isa = PBXFileReference; lastKnownFileType = sourcecode.c.objc; path = AppDelegate.m; sourceTree = "<group>"; };
		75583093239BCEFB00E73DB7 /* SceneDelegate.h */ = {isa = PBXFileReference; lastKnownFileType = sourcecode.c.h; path = SceneDelegate.h; sourceTree = "<group>"; };
		75583094239BCEFB00E73DB7 /* SceneDelegate.m */ = {isa = PBXFileReference; lastKnownFileType = sourcecode.c.objc; path = SceneDelegate.m; sourceTree = "<group>"; };
		75583096239BCEFB00E73DB7 /* ViewController.h */ = {isa = PBXFileReference; lastKnownFileType = sourcecode.c.h; path = ViewController.h; sourceTree = "<group>"; };
		75583097239BCEFB00E73DB7 /* ViewController.m */ = {isa = PBXFileReference; lastKnownFileType = sourcecode.c.objc; path = ViewController.m; sourceTree = "<group>"; };
		7558309A239BCEFB00E73DB7 /* Base */ = {isa = PBXFileReference; lastKnownFileType = file.storyboard; name = Base; path = Base.lproj/Main.storyboard; sourceTree = "<group>"; };
		7558309C239BCEFD00E73DB7 /* Assets.xcassets */ = {isa = PBXFileReference; lastKnownFileType = folder.assetcatalog; path = Assets.xcassets; sourceTree = "<group>"; };
		7558309F239BCEFD00E73DB7 /* Base */ = {isa = PBXFileReference; lastKnownFileType = file.storyboard; name = Base; path = Base.lproj/LaunchScreen.storyboard; sourceTree = "<group>"; };
		755830A1239BCEFD00E73DB7 /* Info.plist */ = {isa = PBXFileReference; lastKnownFileType = text.plist.xml; path = Info.plist; sourceTree = "<group>"; };
		755830A2239BCEFD00E73DB7 /* main.m */ = {isa = PBXFileReference; lastKnownFileType = sourcecode.c.objc; path = main.m; sourceTree = "<group>"; };
		755830A9239BCFC600E73DB7 /* status.plist */ = {isa = PBXFileReference; fileEncoding = 4; lastKnownFileType = text.plist.xml; path = status.plist; sourceTree = "<group>"; };
		755830AB239BD4B300E73DB7 /* NSObject+Property.h */ = {isa = PBXFileReference; lastKnownFileType = sourcecode.c.h; path = "NSObject+Property.h"; sourceTree = "<group>"; };
		755830AC239BD4B300E73DB7 /* NSObject+Property.m */ = {isa = PBXFileReference; lastKnownFileType = sourcecode.c.objc; path = "NSObject+Property.m"; sourceTree = "<group>"; };
		755830AE239BD64800E73DB7 /* StatusItem.m */ = {isa = PBXFileReference; fileEncoding = 4; lastKnownFileType = sourcecode.c.objc; path = StatusItem.m; sourceTree = "<group>"; };
		755830AF239BD64800E73DB7 /* StatusItem.h */ = {isa = PBXFileReference; fileEncoding = 4; lastKnownFileType = sourcecode.c.h; path = StatusItem.h; sourceTree = "<group>"; };
		755830B4239BDDCB00E73DB7 /* User.h */ = {isa = PBXFileReference; fileEncoding = 4; lastKnownFileType = sourcecode.c.h; path = User.h; sourceTree = "<group>"; };
		755830B5239BDDCB00E73DB7 /* User.m */ = {isa = PBXFileReference; fileEncoding = 4; lastKnownFileType = sourcecode.c.objc; path = User.m; sourceTree = "<group>"; };
/* End PBXFileReference section */

/* Begin PBXFrameworksBuildPhase section */
		7558308A239BCEFB00E73DB7 /* Frameworks */ = {
			isa = PBXFrameworksBuildPhase;
			buildActionMask = 2147483647;
			files = (
			);
			runOnlyForDeploymentPostprocessing = 0;
		};
/* End PBXFrameworksBuildPhase section */

/* Begin PBXGroup section */
		75583084239BCEFB00E73DB7 = {
			isa = PBXGroup;
			children = (
				7558308F239BCEFB00E73DB7 /* runtime字典转模型 */,
				7558308E239BCEFB00E73DB7 /* Products */,
			);
			sourceTree = "<group>";
		};
		7558308E239BCEFB00E73DB7 /* Products */ = {
			isa = PBXGroup;
			children = (
				7558308D239BCEFB00E73DB7 /* runtime字典转模型.app */,
			);
			name = Products;
			sourceTree = "<group>";
		};
		7558308F239BCEFB00E73DB7 /* runtime字典转模型 */ = {
			isa = PBXGroup;
			children = (
				75583090239BCEFB00E73DB7 /* AppDelegate.h */,
				75583091239BCEFB00E73DB7 /* AppDelegate.m */,
				75583093239BCEFB00E73DB7 /* SceneDelegate.h */,
				75583094239BCEFB00E73DB7 /* SceneDelegate.m */,
				75583096239BCEFB00E73DB7 /* ViewController.h */,
				755830A9239BCFC600E73DB7 /* status.plist */,
				75583097239BCEFB00E73DB7 /* ViewController.m */,
				755830AF239BD64800E73DB7 /* StatusItem.h */,
				755830AE239BD64800E73DB7 /* StatusItem.m */,
				755830B4239BDDCB00E73DB7 /* User.h */,
				755830B5239BDDCB00E73DB7 /* User.m */,
				755830AB239BD4B300E73DB7 /* NSObject+Property.h */,
				755830AC239BD4B300E73DB7 /* NSObject+Property.m */,
				75583099239BCEFB00E73DB7 /* Main.storyboard */,
				7558309C239BCEFD00E73DB7 /* Assets.xcassets */,
				7558309E239BCEFD00E73DB7 /* LaunchScreen.storyboard */,
				755830A1239BCEFD00E73DB7 /* Info.plist */,
				755830A2239BCEFD00E73DB7 /* main.m */,
			);
			path = "runtime字典转模型";
			sourceTree = "<group>";
		};
/* End PBXGroup section */

/* Begin PBXNativeTarget section */
		7558308C239BCEFB00E73DB7 /* runtime字典转模型 */ = {
			isa = PBXNativeTarget;
			buildConfigurationList = 755830A6239BCEFD00E73DB7 /* Build configuration list for PBXNativeTarget "runtime字典转模型" */;
			buildPhases = (
				75583089239BCEFB00E73DB7 /* Sources */,
				7558308A239BCEFB00E73DB7 /* Frameworks */,
				7558308B239BCEFB00E73DB7 /* Resources */,
			);
			buildRules = (
			);
			dependencies = (
			);
			name = "runtime字典转模型";
			productName = "runtime字典转模型";
			productReference = 7558308D239BCEFB00E73DB7 /* runtime字典转模型.app */;
			productType = "com.apple.product-type.application";
		};
/* End PBXNativeTarget section */

/* Begin PBXProject section */
		75583085239BCEFB00E73DB7 /* Project object */ = {
			isa = PBXProject;
			attributes = {
				LastUpgradeCheck = 1120;
				ORGANIZATIONNAME = Lun;
				TargetAttributes = {
					7558308C239BCEFB00E73DB7 = {
						CreatedOnToolsVersion = 11.2;
					};
				};
			};
			buildConfigurationList = 75583088239BCEFB00E73DB7 /* Build configuration list for PBXProject "runtime字典转模型" */;
			compatibilityVersion = "Xcode 9.3";
			developmentRegion = en;
			hasScannedForEncodings = 0;
			knownRegions = (
				en,
				Base,
			);
			mainGroup = 75583084239BCEFB00E73DB7;
			productRefGroup = 7558308E239BCEFB00E73DB7 /* Products */;
			projectDirPath = "";
			projectRoot = "";
			targets = (
				7558308C239BCEFB00E73DB7 /* runtime字典转模型 */,
			);
		};
/* End PBXProject section */

/* Begin PBXResourcesBuildPhase section */
		7558308B239BCEFB00E73DB7 /* Resources */ = {
			isa = PBXResourcesBuildPhase;
			buildActionMask = 2147483647;
			files = (
				755830A0239BCEFD00E73DB7 /* LaunchScreen.storyboard in Resources */,
				7558309D239BCEFD00E73DB7 /* Assets.xcassets in Resources */,
				755830AA239BCFC600E73DB7 /* status.plist in Resources */,
				7558309B239BCEFB00E73DB7 /* Main.storyboard in Resources */,
			);
			runOnlyForDeploymentPostprocessing = 0;
		};
/* End PBXResourcesBuildPhase section */

/* Begin PBXSourcesBuildPhase section */
		75583089239BCEFB00E73DB7 /* Sources */ = {
			isa = PBXSourcesBuildPhase;
			buildActionMask = 2147483647;
			files = (
				755830B0239BD64800E73DB7 /* StatusItem.m in Sources */,
				755830B6239BDDCB00E73DB7 /* User.m in Sources */,
				75583098239BCEFB00E73DB7 /* ViewController.m in Sources */,
				75583092239BCEFB00E73DB7 /* AppDelegate.m in Sources */,
				755830A3239BCEFD00E73DB7 /* main.m in Sources */,
				755830AD239BD4B300E73DB7 /* NSObject+Property.m in Sources */,
				75583095239BCEFB00E73DB7 /* SceneDelegate.m in Sources */,
			);
			runOnlyForDeploymentPostprocessing = 0;
		};
/* End PBXSourcesBuildPhase section */

/* Begin PBXVariantGroup section */
		75583099239BCEFB00E73DB7 /* Main.storyboard */ = {
			isa = PBXVariantGroup;
			children = (
				7558309A239BCEFB00E73DB7 /* Base */,
			);
			name = Main.storyboard;
			sourceTree = "<group>";
		};
		7558309E239BCEFD00E73DB7 /* LaunchScreen.storyboard */ = {
			isa = PBXVariantGroup;
			children = (
				7558309F239BCEFD00E73DB7 /* Base */,
			);
			name = LaunchScreen.storyboard;
			sourceTree = "<group>";
		};
/* End PBXVariantGroup section */

/* Begin XCBuildConfiguration section */
		755830A4239BCEFD00E73DB7 /* Debug */ = {
			isa = XCBuildConfiguration;
			buildSettings = {
				ALWAYS_SEARCH_USER_PATHS = NO;
				CLANG_ANALYZER_NONNULL = YES;
				CLANG_ANALYZER_NUMBER_OBJECT_CONVERSION = YES_AGGRESSIVE;
				CLANG_CXX_LANGUAGE_STANDARD = "gnu++14";
				CLANG_CXX_LIBRARY = "libc++";
				CLANG_ENABLE_MODULES = YES;
				CLANG_ENABLE_OBJC_ARC = YES;
				CLANG_ENABLE_OBJC_WEAK = YES;
				CLANG_WARN_BLOCK_CAPTURE_AUTORELEASING = YES;
				CLANG_WARN_BOOL_CONVERSION = YES;
				CLANG_WARN_COMMA = YES;
				CLANG_WARN_CONSTANT_CONVERSION = YES;
				CLANG_WARN_DEPRECATED_OBJC_IMPLEMENTATIONS = YES;
				CLANG_WARN_DIRECT_OBJC_ISA_USAGE = YES_ERROR;
				CLANG_WARN_DOCUMENTATION_COMMENTS = YES;
				CLANG_WARN_EMPTY_BODY = YES;
				CLANG_WARN_ENUM_CONVERSION = YES;
				CLANG_WARN_INFINITE_RECURSION = YES;
				CLANG_WARN_INT_CONVERSION = YES;
				CLANG_WARN_NON_LITERAL_NULL_CONVERSION = YES;
				CLANG_WARN_OBJC_IMPLICIT_RETAIN_SELF = YES;
				CLANG_WARN_OBJC_LITERAL_CONVERSION = YES;
				CLANG_WARN_OBJC_ROOT_CLASS = YES_ERROR;
				CLANG_WARN_RANGE_LOOP_ANALYSIS = YES;
				CLANG_WARN_STRICT_PROTOTYPES = YES;
				CLANG_WARN_SUSPICIOUS_MOVE = YES;
				CLANG_WARN_UNGUARDED_AVAILABILITY = YES_AGGRESSIVE;
				CLANG_WARN_UNREACHABLE_CODE = YES;
				CLANG_WARN__DUPLICATE_METHOD_MATCH = YES;
				COPY_PHASE_STRIP = NO;
				DEBUG_INFORMATION_FORMAT = dwarf;
				ENABLE_STRICT_OBJC_MSGSEND = YES;
				ENABLE_TESTABILITY = YES;
				GCC_C_LANGUAGE_STANDARD = gnu11;
				GCC_DYNAMIC_NO_PIC = NO;
				GCC_NO_COMMON_BLOCKS = YES;
				GCC_OPTIMIZATION_LEVEL = 0;
				GCC_PREPROCESSOR_DEFINITIONS = (
					"DEBUG=1",
					"$(inherited)",
				);
				GCC_WARN_64_TO_32_BIT_CONVERSION = YES;
				GCC_WARN_ABOUT_RETURN_TYPE = YES_ERROR;
				GCC_WARN_UNDECLARED_SELECTOR = YES;
				GCC_WARN_UNINITIALIZED_AUTOS = YES_AGGRESSIVE;
				GCC_WARN_UNUSED_FUNCTION = YES;
				GCC_WARN_UNUSED_VARIABLE = YES;
				IPHONEOS_DEPLOYMENT_TARGET = 13.2;
				MTL_ENABLE_DEBUG_INFO = INCLUDE_SOURCE;
				MTL_FAST_MATH = YES;
				ONLY_ACTIVE_ARCH = YES;
				SDKROOT = iphoneos;
			};
			name = Debug;
		};
		755830A5239BCEFD00E73DB7 /* Release */ = {
			isa = XCBuildConfiguration;
			buildSettings = {
				ALWAYS_SEARCH_USER_PATHS = NO;
				CLANG_ANALYZER_NONNULL = YES;
				CLANG_ANALYZER_NUMBER_OBJECT_CONVERSION = YES_AGGRESSIVE;
				CLANG_CXX_LANGUAGE_STANDARD = "gnu++14";
				CLANG_CXX_LIBRARY = "libc++";
				CLANG_ENABLE_MODULES = YES;
				CLANG_ENABLE_OBJC_ARC = YES;
				CLANG_ENABLE_OBJC_WEAK = YES;
				CLANG_WARN_BLOCK_CAPTURE_AUTORELEASING = YES;
				CLANG_WARN_BOOL_CONVERSION = YES;
				CLANG_WARN_COMMA = YES;
				CLANG_WARN_CONSTANT_CONVERSION = YES;
				CLANG_WARN_DEPRECATED_OBJC_IMPLEMENTATIONS = YES;
				CLANG_WARN_DIRECT_OBJC_ISA_USAGE = YES_ERROR;
				CLANG_WARN_DOCUMENTATION_COMMENTS = YES;
				CLANG_WARN_EMPTY_BODY = YES;
				CLANG_WARN_ENUM_CONVERSION = YES;
				CLANG_WARN_INFINITE_RECURSION = YES;
				CLANG_WARN_INT_CONVERSION = YES;
				CLANG_WARN_NON_LITERAL_NULL_CONVERSION = YES;
				CLANG_WARN_OBJC_IMPLICIT_RETAIN_SELF = YES;
				CLANG_WARN_OBJC_LITERAL_CONVERSION = YES;
				CLANG_WARN_OBJC_ROOT_CLASS = YES_ERROR;
				CLANG_WARN_RANGE_LOOP_ANALYSIS = YES;
				CLANG_WARN_STRICT_PROTOTYPES = YES;
				CLANG_WARN_SUSPICIOUS_MOVE = YES;
				CLANG_WARN_UNGUARDED_AVAILABILITY = YES_AGGRESSIVE;
				CLANG_WARN_UNREACHABLE_CODE = YES;
				CLANG_WARN__DUPLICATE_METHOD_MATCH = YES;
				COPY_PHASE_STRIP = NO;
				DEBUG_INFORMATION_FORMAT = "dwarf-with-dsym";
				ENABLE_NS_ASSERTIONS = NO;
				ENABLE_STRICT_OBJC_MSGSEND = YES;
				GCC_C_LANGUAGE_STANDARD = gnu11;
				GCC_NO_COMMON_BLOCKS = YES;
				GCC_WARN_64_TO_32_BIT_CONVERSION = YES;
				GCC_WARN_ABOUT_RETURN_TYPE = YES_ERROR;
				GCC_WARN_UNDECLARED_SELECTOR = YES;
				GCC_WARN_UNINITIALIZED_AUTOS = YES_AGGRESSIVE;
				GCC_WARN_UNUSED_FUNCTION = YES;
				GCC_WARN_UNUSED_VARIABLE = YES;
				IPHONEOS_DEPLOYMENT_TARGET = 13.2;
				MTL_ENABLE_DEBUG_INFO = NO;
				MTL_FAST_MATH = YES;
				SDKROOT = iphoneos;
				VALIDATE_PRODUCT = YES;
			};
			name = Release;
		};
		755830A7239BCEFD00E73DB7 /* Debug */ = {
			isa = XCBuildConfiguration;
			buildSettings = {
				ASSETCATALOG_COMPILER_APPICON_NAME = AppIcon;
				CODE_SIGN_STYLE = Automatic;
				ENABLE_STRICT_OBJC_MSGSEND = NO;
				INFOPLIST_FILE = "runtime字典转模型/Info.plist";
				LD_RUNPATH_SEARCH_PATHS = (
					"$(inherited)",
					"@executable_path/Frameworks",
				);
				PRODUCT_BUNDLE_IDENTIFIER = "L.runtime-----";
				PRODUCT_NAME = "$(TARGET_NAME)";
				TARGETED_DEVICE_FAMILY = "1,2";
			};
			name = Debug;
		};
		755830A8239BCEFD00E73DB7 /* Release */ = {
			isa = XCBuildConfiguration;
			buildSettings = {
				ASSETCATALOG_COMPILER_APPICON_NAME = AppIcon;
				CODE_SIGN_STYLE = Automatic;
				ENABLE_STRICT_OBJC_MSGSEND = NO;
				INFOPLIST_FILE = "runtime字典转模型/Info.plist";
				LD_RUNPATH_SEARCH_PATHS = (
					"$(inherited)",
					"@executable_path/Frameworks",
				);
				PRODUCT_BUNDLE_IDENTIFIER = "L.runtime-----";
				PRODUCT_NAME = "$(TARGET_NAME)";
				TARGETED_DEVICE_FAMILY = "1,2";
			};
			name = Release;
		};
/* End XCBuildConfiguration section */

/* Begin XCConfigurationList section */
		75583088239BCEFB00E73DB7 /* Build configuration list for PBXProject "runtime字典转模型" */ = {
			isa = XCConfigurationList;
			buildConfigurations = (
				755830A4239BCEFD00E73DB7 /* Debug */,
				755830A5239BCEFD00E73DB7 /* Release */,
			);
			defaultConfigurationIsVisible = 0;
			defaultConfigurationName = Release;
		};
		755830A6239BCEFD00E73DB7 /* Build configuration list for PBXNativeTarget "runtime字典转模型" */ = {
			isa = XCConfigurationList;
			buildConfigurations = (
				755830A7239BCEFD00E73DB7 /* Debug */,
				755830A8239BCEFD00E73DB7 /* Release */,
			);
			defaultConfigurationIsVisible = 0;
			defaultConfigurationName = Release;
		};
/* End XCConfigurationList section */
	};
	rootObject = 75583085239BCEFB00E73DB7 /* Project object */;
}
